// !$*UTF8*$!
{
	archiveVersion = 1;
	classes = {
	};
	objectVersion = 50;
	objects = {

/* Begin PBXBuildFile section */
		CA167C3F24C0B0B200C1D70B /* AppDelegate.swift in Sources */ = {isa = PBXBuildFile; fileRef = CA167C3E24C0B0B200C1D70B /* AppDelegate.swift */; };
		CA167C4124C0B0B200C1D70B /* SceneDelegate.swift in Sources */ = {isa = PBXBuildFile; fileRef = CA167C4024C0B0B200C1D70B /* SceneDelegate.swift */; };
		CA167C4324C0B0B200C1D70B /* ViewController.swift in Sources */ = {isa = PBXBuildFile; fileRef = CA167C4224C0B0B200C1D70B /* ViewController.swift */; };
		CA167C4624C0B0B200C1D70B /* Main.storyboard in Resources */ = {isa = PBXBuildFile; fileRef = CA167C4424C0B0B200C1D70B /* Main.storyboard */; };
		CA167C4824C0B0B400C1D70B /* Assets.xcassets in Resources */ = {isa = PBXBuildFile; fileRef = CA167C4724C0B0B400C1D70B /* Assets.xcassets */; };
		CA167C4B24C0B0B400C1D70B /* LaunchScreen.storyboard in Resources */ = {isa = PBXBuildFile; fileRef = CA167C4924C0B0B400C1D70B /* LaunchScreen.storyboard */; };
		CA167C5424C0B23400C1D70B /* AVFoundation.framework in Frameworks */ = {isa = PBXBuildFile; fileRef = CA167C5324C0B23400C1D70B /* AVFoundation.framework */; };
/* End PBXBuildFile section */

/* Begin PBXFileReference section */
		CA167C3B24C0B0B200C1D70B /* 54321 Breathe.app */ = {isa = PBXFileReference; explicitFileType = wrapper.application; includeInIndex = 0; path = "54321 Breathe.app"; sourceTree = BUILT_PRODUCTS_DIR; };
		CA167C3E24C0B0B200C1D70B /* AppDelegate.swift */ = {isa = PBXFileReference; lastKnownFileType = sourcecode.swift; path = AppDelegate.swift; sourceTree = "<group>"; };
		CA167C4024C0B0B200C1D70B /* SceneDelegate.swift */ = {isa = PBXFileReference; lastKnownFileType = sourcecode.swift; path = SceneDelegate.swift; sourceTree = "<group>"; };
		CA167C4224C0B0B200C1D70B /* ViewController.swift */ = {isa = PBXFileReference; lastKnownFileType = sourcecode.swift; path = ViewController.swift; sourceTree = "<group>"; };
		CA167C4524C0B0B200C1D70B /* Base */ = {isa = PBXFileReference; lastKnownFileType = file.storyboard; name = Base; path = Base.lproj/Main.storyboard; sourceTree = "<group>"; };
		CA167C4724C0B0B400C1D70B /* Assets.xcassets */ = {isa = PBXFileReference; lastKnownFileType = folder.assetcatalog; path = Assets.xcassets; sourceTree = "<group>"; };
		CA167C4A24C0B0B400C1D70B /* Base */ = {isa = PBXFileReference; lastKnownFileType = file.storyboard; name = Base; path = Base.lproj/LaunchScreen.storyboard; sourceTree = "<group>"; };
		CA167C4C24C0B0B400C1D70B /* Info.plist */ = {isa = PBXFileReference; lastKnownFileType = text.plist.xml; path = Info.plist; sourceTree = "<group>"; };
		CA167C5324C0B23400C1D70B /* AVFoundation.framework */ = {isa = PBXFileReference; lastKnownFileType = wrapper.framework; name = AVFoundation.framework; path = System/Library/Frameworks/AVFoundation.framework; sourceTree = SDKROOT; };
/* End PBXFileReference section */

/* Begin PBXFrameworksBuildPhase section */
		CA167C3824C0B0B200C1D70B /* Frameworks */ = {
			isa = PBXFrameworksBuildPhase;
			buildActionMask = 2147483647;
			files = (
				CA167C5424C0B23400C1D70B /* AVFoundation.framework in Frameworks */,
			);
			runOnlyForDeploymentPostprocessing = 0;
		};
/* End PBXFrameworksBuildPhase section */

/* Begin PBXGroup section */
		CA167C3224C0B0B200C1D70B = {
			isa = PBXGroup;
			children = (
				CA167C3D24C0B0B200C1D70B /* 54321 Breathe */,
				CA167C3C24C0B0B200C1D70B /* Products */,
				CA167C5224C0B23400C1D70B /* Frameworks */,
			);
			sourceTree = "<group>";
		};
		CA167C3C24C0B0B200C1D70B /* Products */ = {
			isa = PBXGroup;
			children = (
				CA167C3B24C0B0B200C1D70B /* 54321 Breathe.app */,
			);
			name = Products;
			sourceTree = "<group>";
		};
		CA167C3D24C0B0B200C1D70B /* 54321 Breathe */ = {
			isa = PBXGroup;
			children = (
				CA167C3E24C0B0B200C1D70B /* AppDelegate.swift */,
				CA167C4024C0B0B200C1D70B /* SceneDelegate.swift */,
				CA167C4224C0B0B200C1D70B /* ViewController.swift */,
				CA167C4424C0B0B200C1D70B /* Main.storyboard */,
				CA167C4724C0B0B400C1D70B /* Assets.xcassets */,
				CA167C4924C0B0B400C1D70B /* LaunchScreen.storyboard */,
				CA167C4C24C0B0B400C1D70B /* Info.plist */,
			);
			path = "54321 Breathe";
			sourceTree = "<group>";
		};
		CA167C5224C0B23400C1D70B /* Frameworks */ = {
			isa = PBXGroup;
			children = (
				CA167C5324C0B23400C1D70B /* AVFoundation.framework */,
			);
			name = Frameworks;
			sourceTree = "<group>";
		};
/* End PBXGroup section */

/* Begin PBXNativeTarget section */
		CA167C3A24C0B0B200C1D70B /* 54321 Breathe */ = {
			isa = PBXNativeTarget;
			buildConfigurationList = CA167C4F24C0B0B400C1D70B /* Build configuration list for PBXNativeTarget "54321 Breathe" */;
			buildPhases = (
				CA167C3724C0B0B200C1D70B /* Sources */,
				CA167C3824C0B0B200C1D70B /* Frameworks */,
				CA167C3924C0B0B200C1D70B /* Resources */,
			);
			buildRules = (
			);
			dependencies = (
			);
			name = "54321 Breathe";
			productName = "54321 Breathe";
			productReference = CA167C3B24C0B0B200C1D70B /* 54321 Breathe.app */;
			productType = "com.apple.product-type.application";
		};
/* End PBXNativeTarget section */

/* Begin PBXProject section */
		CA167C3324C0B0B200C1D70B /* Project object */ = {
			isa = PBXProject;
			attributes = {
				LastSwiftUpdateCheck = 1160;
				LastUpgradeCheck = 1160;
				ORGANIZATIONNAME = "Paul Barnes";
				TargetAttributes = {
					CA167C3A24C0B0B200C1D70B = {
						CreatedOnToolsVersion = 11.6;
					};
				};
			};
			buildConfigurationList = CA167C3624C0B0B200C1D70B /* Build configuration list for PBXProject "54321 Breathe" */;
			compatibilityVersion = "Xcode 9.3";
			developmentRegion = en;
			hasScannedForEncodings = 0;
			knownRegions = (
				en,
				Base,
			);
			mainGroup = CA167C3224C0B0B200C1D70B;
			productRefGroup = CA167C3C24C0B0B200C1D70B /* Products */;
			projectDirPath = "";
			projectRoot = "";
			targets = (
				CA167C3A24C0B0B200C1D70B /* 54321 Breathe */,
			);
		};
/* End PBXProject section */

/* Begin PBXResourcesBuildPhase section */
		CA167C3924C0B0B200C1D70B /* Resources */ = {
			isa = PBXResourcesBuildPhase;
			buildActionMask = 2147483647;
			files = (
				CA167C4B24C0B0B400C1D70B /* LaunchScreen.storyboard in Resources */,
				CA167C4824C0B0B400C1D70B /* Assets.xcassets in Resources */,
				CA167C4624C0B0B200C1D70B /* Main.storyboard in Resources */,
			);
			runOnlyForDeploymentPostprocessing = 0;
		};
/* End PBXResourcesBuildPhase section */

/* Begin PBXSourcesBuildPhase section */
		CA167C3724C0B0B200C1D70B /* Sources */ = {
			isa = PBXSourcesBuildPhase;
			buildActionMask = 2147483647;
			files = (
				CA167C4324C0B0B200C1D70B /* ViewController.swift in Sources */,
				CA167C3F24C0B0B200C1D70B /* AppDelegate.swift in Sources */,
				CA167C4124C0B0B200C1D70B /* SceneDelegate.swift in Sources */,
			);
			runOnlyForDeploymentPostprocessing = 0;
		};
/* End PBXSourcesBuildPhase section */

/* Begin PBXVariantGroup section */
		CA167C4424C0B0B200C1D70B /* Main.storyboard */ = {
			isa = PBXVariantGroup;
			children = (
				CA167C4524C0B0B200C1D70B /* Base */,
			);
			name = Main.storyboard;
			sourceTree = "<group>";
		};
		CA167C4924C0B0B400C1D70B /* LaunchScreen.storyboard */ = {
			isa = PBXVariantGroup;
			children = (
				CA167C4A24C0B0B400C1D70B /* Base */,
			);
			name = LaunchScreen.storyboard;
			sourceTree = "<group>";
		};
/* End PBXVariantGroup section */

/* Begin XCBuildConfiguration section */
		CA167C4D24C0B0B400C1D70B /* Debug */ = {
			isa = XCBuildConfiguration;
			buildSettings = {
				ALWAYS_SEARCH_USER_PATHS = NO;
				CLANG_ANALYZER_NONNULL = YES;
				CLANG_ANALYZER_NUMBER_OBJECT_CONVERSION = YES_AGGRESSIVE;
				CLANG_CXX_LANGUAGE_STANDARD = "gnu++14";
				CLANG_CXX_LIBRARY = "libc++";
				CLANG_ENABLE_MODULES = YES;
				CLANG_ENABLE_OBJC_ARC = YES;
				CLANG_ENABLE_OBJC_WEAK = YES;
				CLANG_WARN_BLOCK_CAPTURE_AUTORELEASING = YES;
				CLANG_WARN_BOOL_CONVERSION = YES;
				CLANG_WARN_COMMA = YES;
				CLANG_WARN_CONSTANT_CONVERSION = YES;
				CLANG_WARN_DEPRECATED_OBJC_IMPLEMENTATIONS = YES;
				CLANG_WARN_DIRECT_OBJC_ISA_USAGE = YES_ERROR;
				CLANG_WARN_DOCUMENTATION_COMMENTS = YES;
				CLANG_WARN_EMPTY_BODY = YES;
				CLANG_WARN_ENUM_CONVERSION = YES;
				CLANG_WARN_INFINITE_RECURSION = YES;
				CLANG_WARN_INT_CONVERSION = YES;
				CLANG_WARN_NON_LITERAL_NULL_CONVERSION = YES;
				CLANG_WARN_OBJC_IMPLICIT_RETAIN_SELF = YES;
				CLANG_WARN_OBJC_LITERAL_CONVERSION = YES;
				CLANG_WARN_OBJC_ROOT_CLASS = YES_ERROR;
				CLANG_WARN_RANGE_LOOP_ANALYSIS = YES;
				CLANG_WARN_STRICT_PROTOTYPES = YES;
				CLANG_WARN_SUSPICIOUS_MOVE = YES;
				CLANG_WARN_UNGUARDED_AVAILABILITY = YES_AGGRESSIVE;
				CLANG_WARN_UNREACHABLE_CODE = YES;
				CLANG_WARN__DUPLICATE_METHOD_MATCH = YES;
				COPY_PHASE_STRIP = NO;
				DEBUG_INFORMATION_FORMAT = dwarf;
				ENABLE_STRICT_OBJC_MSGSEND = YES;
				ENABLE_TESTABILITY = YES;
				GCC_C_LANGUAGE_STANDARD = gnu11;
				GCC_DYNAMIC_NO_PIC = NO;
				GCC_NO_COMMON_BLOCKS = YES;
				GCC_OPTIMIZATION_LEVEL = 0;
				GCC_PREPROCESSOR_DEFINITIONS = (
					"DEBUG=1",
					"$(inherited)",
				);
				GCC_WARN_64_TO_32_BIT_CONVERSION = YES;
				GCC_WARN_ABOUT_RETURN_TYPE = YES_ERROR;
				GCC_WARN_UNDECLARED_SELECTOR = YES;
				GCC_WARN_UNINITIALIZED_AUTOS = YES_AGGRESSIVE;
				GCC_WARN_UNUSED_FUNCTION = YES;
				GCC_WARN_UNUSED_VARIABLE = YES;
				IPHONEOS_DEPLOYMENT_TARGET = 13.6;
				MTL_ENABLE_DEBUG_INFO = INCLUDE_SOURCE;
				MTL_FAST_MATH = YES;
				ONLY_ACTIVE_ARCH = YES;
				SDKROOT = iphoneos;
				SWIFT_ACTIVE_COMPILATION_CONDITIONS = DEBUG;
				SWIFT_OPTIMIZATION_LEVEL = "-Onone";
			};
			name = Debug;
		};
		CA167C4E24C0B0B400C1D70B /* Release */ = {
			isa = XCBuildConfiguration;
			buildSettings = {
				ALWAYS_SEARCH_USER_PATHS = NO;
				CLANG_ANALYZER_NONNULL = YES;
				CLANG_ANALYZER_NUMBER_OBJECT_CONVERSION = YES_AGGRESSIVE;
				CLANG_CXX_LANGUAGE_STANDARD = "gnu++14";
				CLANG_CXX_LIBRARY = "libc++";
				CLANG_ENABLE_MODULES = YES;
				CLANG_ENABLE_OBJC_ARC = YES;
				CLANG_ENABLE_OBJC_WEAK = YES;
				CLANG_WARN_BLOCK_CAPTURE_AUTORELEASING = YES;
				CLANG_WARN_BOOL_CONVERSION = YES;
				CLANG_WARN_COMMA = YES;
				CLANG_WARN_CONSTANT_CONVERSION = YES;
				CLANG_WARN_DEPRECATED_OBJC_IMPLEMENTATIONS = YES;
				CLANG_WARN_DIRECT_OBJC_ISA_USAGE = YES_ERROR;
				CLANG_WARN_DOCUMENTATION_COMMENTS = YES;
				CLANG_WARN_EMPTY_BODY = YES;
				CLANG_WARN_ENUM_CONVERSION = YES;
				CLANG_WARN_INFINITE_RECURSION = YES;
				CLANG_WARN_INT_CONVERSION = YES;
				CLANG_WARN_NON_LITERAL_NULL_CONVERSION = YES;
				CLANG_WARN_OBJC_IMPLICIT_RETAIN_SELF = YES;
				CLANG_WARN_OBJC_LITERAL_CONVERSION = YES;
				CLANG_WARN_OBJC_ROOT_CLASS = YES_ERROR;
				CLANG_WARN_RANGE_LOOP_ANALYSIS = YES;
				CLANG_WARN_STRICT_PROTOTYPES = YES;
				CLANG_WARN_SUSPICIOUS_MOVE = YES;
				CLANG_WARN_UNGUARDED_AVAILABILITY = YES_AGGRESSIVE;
				CLANG_WARN_UNREACHABLE_CODE = YES;
				CLANG_WARN__DUPLICATE_METHOD_MATCH = YES;
				COPY_PHASE_STRIP = NO;
				DEBUG_INFORMATION_FORMAT = "dwarf-with-dsym";
				ENABLE_NS_ASSERTIONS = NO;
				ENABLE_STRICT_OBJC_MSGSEND = YES;
				GCC_C_LANGUAGE_STANDARD = gnu11;
				GCC_NO_COMMON_BLOCKS = YES;
				GCC_WARN_64_TO_32_BIT_CONVERSION = YES;
				GCC_WARN_ABOUT_RETURN_TYPE = YES_ERROR;
				GCC_WARN_UNDECLARED_SELECTOR = YES;
				GCC_WARN_UNINITIALIZED_AUTOS = YES_AGGRESSIVE;
				GCC_WARN_UNUSED_FUNCTION = YES;
				GCC_WARN_UNUSED_VARIABLE = YES;
				IPHONEOS_DEPLOYMENT_TARGET = 13.6;
				MTL_ENABLE_DEBUG_INFO = NO;
				MTL_FAST_MATH = YES;
				SDKROOT = iphoneos;
				SWIFT_COMPILATION_MODE = wholemodule;
				SWIFT_OPTIMIZATION_LEVEL = "-O";
				VALIDATE_PRODUCT = YES;
			};
			name = Release;
		};
		CA167C5024C0B0B400C1D70B /* Debug */ = {
			isa = XCBuildConfiguration;
			buildSettings = {
				ASSETCATALOG_COMPILER_APPICON_NAME = AppIcon;
				CODE_SIGN_STYLE = Automatic;
				DEVELOPMENT_TEAM = CVPV8WR9Y3;
				INFOPLIST_FILE = "54321 Breathe/Info.plist";
				IPHONEOS_DEPLOYMENT_TARGET = 13.0;
				LD_RUNPATH_SEARCH_PATHS = (
					"$(inherited)",
					"@executable_path/Frameworks",
				);
				PRODUCT_BUNDLE_IDENTIFIER = "com.PaulBarnes.-4321-Breathe";
				PRODUCT_NAME = "$(TARGET_NAME)";
				SWIFT_VERSION = 5.0;
				TARGETED_DEVICE_FAMILY = 1;
			};
			name = Debug;
		};
		CA167C5124C0B0B400C1D70B /* Release */ = {
			isa = XCBuildConfiguration;
			buildSettings = {
				ASSETCATALOG_COMPILER_APPICON_NAME = AppIcon;
				CODE_SIGN_STYLE = Automatic;
				DEVELOPMENT_TEAM = CVPV8WR9Y3;
				INFOPLIST_FILE = "54321 Breathe/Info.plist";
				IPHONEOS_DEPLOYMENT_TARGET = 13.0;
				LD_RUNPATH_SEARCH_PATHS = (
					"$(inherited)",
					"@executable_path/Frameworks",
				);
				PRODUCT_BUNDLE_IDENTIFIER = "com.PaulBarnes.-4321-Breathe";
				PRODUCT_NAME = "$(TARGET_NAME)";
				SWIFT_VERSION = 5.0;
				TARGETED_DEVICE_FAMILY = 1;
			};
			name = Release;
		};
/* End XCBuildConfiguration section */

/* Begin XCConfigurationList section */
		CA167C3624C0B0B200C1D70B /* Build configuration list for PBXProject "54321 Breathe" */ = {
			isa = XCConfigurationList;
			buildConfigurations = (
				CA167C4D24C0B0B400C1D70B /* Debug */,
				CA167C4E24C0B0B400C1D70B /* Release */,
			);
			defaultConfigurationIsVisible = 0;
			defaultConfigurationName = Release;
		};
		CA167C4F24C0B0B400C1D70B /* Build configuration list for PBXNativeTarget "54321 Breathe" */ = {
			isa = XCConfigurationList;
			buildConfigurations = (
				CA167C5024C0B0B400C1D70B /* Debug */,
				CA167C5124C0B0B400C1D70B /* Release */,
			);
			defaultConfigurationIsVisible = 0;
			defaultConfigurationName = Release;
		};
/* End XCConfigurationList section */
	};
	rootObject = CA167C3324C0B0B200C1D70B /* Project object */;
}
